
Microsoft Visual Studio Solution File, Format Version 12.00
# Visual Studio Version 17
VisualStudioVersion = 17.7.34024.191
MinimumVisualStudioVersion = 10.0.40219.1
Project("{FAE04EC0-301F-11D3-BF4B-00C04F79EFBC}") = "V4L2-for-NET", "V4L2-for-NET\V4L2-for-NET.csproj", "{07DC3A6A-D2F6-4BBD-8E21-AC5FE03E6D5B}"
EndProject
Global
	GlobalSection(SolutionConfigurationPlatforms) = preSolution
		Debug|Any CPU = Debug|Any CPU
		Release|Any CPU = Release|Any CPU
	EndGlobalSection
	GlobalSection(ProjectConfigurationPlatforms) = postSolution
		{07DC3A6A-D2F6-4BBD-8E21-AC5FE03E6D5B}.Debug|Any CPU.ActiveCfg = Debug|Any CPU
		{07DC3A6A-D2F6-4BBD-8E21-AC5FE03E6D5B}.Debug|Any CPU.Build.0 = Debug|Any CPU
		{07DC3A6A-D2F6-4BBD-8E21-AC5FE03E6D5B}.Release|Any CPU.ActiveCfg = Release|Any CPU
		{07DC3A6A-D2F6-4BBD-8E21-AC5FE03E6D5B}.Release|Any CPU.Build.0 = Release|Any CPU
	EndGlobalSection
	GlobalSection(SolutionProperties) = preSolution
		HideSolutionNode = FALSE
	EndGlobalSection
	GlobalSection(ExtensibilityGlobals) = postSolution
		SolutionGuid = {FD363792-D95E-4233-8056-2E155D4A5BEB}
	EndGlobalSection
EndGlobal
